// !$*UTF8*$!
{
	archiveVersion = 1;
	classes = {
	};
	objectVersion = 50;
	objects = {

/* Begin PBXBuildFile section */
		DD8D9E8025E1B39200394BC8 /* AppDelegate.swift in Sources */ = {isa = PBXBuildFile; fileRef = DD8D9E7F25E1B39200394BC8 /* AppDelegate.swift */; };
		DD8D9E8225E1B39200394BC8 /* SceneDelegate.swift in Sources */ = {isa = PBXBuildFile; fileRef = DD8D9E8125E1B39200394BC8 /* SceneDelegate.swift */; };
		DD8D9E8725E1B39200394BC8 /* Main.storyboard in Resources */ = {isa = PBXBuildFile; fileRef = DD8D9E8525E1B39200394BC8 /* Main.storyboard */; };
		DD8D9E8925E1B39300394BC8 /* Assets.xcassets in Resources */ = {isa = PBXBuildFile; fileRef = DD8D9E8825E1B39300394BC8 /* Assets.xcassets */; };
		DD8D9E8C25E1B39300394BC8 /* LaunchScreen.storyboard in Resources */ = {isa = PBXBuildFile; fileRef = DD8D9E8A25E1B39300394BC8 /* LaunchScreen.storyboard */; };
/* End PBXBuildFile section */

/* Begin PBXFileReference section */
		DD8D9E7C25E1B39200394BC8 /* ShopingList.app */ = {isa = PBXFileReference; explicitFileType = wrapper.application; includeInIndex = 0; path = ShopingList.app; sourceTree = BUILT_PRODUCTS_DIR; };
		DD8D9E7F25E1B39200394BC8 /* AppDelegate.swift */ = {isa = PBXFileReference; lastKnownFileType = sourcecode.swift; path = AppDelegate.swift; sourceTree = "<group>"; };
		DD8D9E8125E1B39200394BC8 /* SceneDelegate.swift */ = {isa = PBXFileReference; lastKnownFileType = sourcecode.swift; path = SceneDelegate.swift; sourceTree = "<group>"; };
		DD8D9E8625E1B39200394BC8 /* Base */ = {isa = PBXFileReference; lastKnownFileType = file.storyboard; name = Base; path = Base.lproj/Main.storyboard; sourceTree = "<group>"; };
		DD8D9E8825E1B39300394BC8 /* Assets.xcassets */ = {isa = PBXFileReference; lastKnownFileType = folder.assetcatalog; path = Assets.xcassets; sourceTree = "<group>"; };
		DD8D9E8B25E1B39300394BC8 /* Base */ = {isa = PBXFileReference; lastKnownFileType = file.storyboard; name = Base; path = Base.lproj/LaunchScreen.storyboard; sourceTree = "<group>"; };
		DD8D9E8D25E1B39300394BC8 /* Info.plist */ = {isa = PBXFileReference; lastKnownFileType = text.plist.xml; path = Info.plist; sourceTree = "<group>"; };
/* End PBXFileReference section */

/* Begin PBXFrameworksBuildPhase section */
		DD8D9E7925E1B39200394BC8 /* Frameworks */ = {
			isa = PBXFrameworksBuildPhase;
			buildActionMask = 2147483647;
			files = (
			);
			runOnlyForDeploymentPostprocessing = 0;
		};
/* End PBXFrameworksBuildPhase section */

/* Begin PBXGroup section */
		67796C1225E291ED008AA311 /* Storyboards */ = {
			isa = PBXGroup;
			children = (
				DD8D9E8525E1B39200394BC8 /* Main.storyboard */,
				DD8D9E8A25E1B39300394BC8 /* LaunchScreen.storyboard */,
			);
			path = Storyboards;
			sourceTree = "<group>";
		};
		67796C1425E2A734008AA311 /* ViewControllers */ = {
			isa = PBXGroup;
			children = (
			);
			path = ViewControllers;
			sourceTree = "<group>";
		};
		67796C1625E2A74E008AA311 /* Supporting Files */ = {
			isa = PBXGroup;
			children = (
				DD8D9E7F25E1B39200394BC8 /* AppDelegate.swift */,
				DD8D9E8125E1B39200394BC8 /* SceneDelegate.swift */,
			);
			path = "Supporting Files";
			sourceTree = "<group>";
		};
		67796C1925E2A7F6008AA311 /* Resources */ = {
			isa = PBXGroup;
			children = (
				DD8D9E8825E1B39300394BC8 /* Assets.xcassets */,
			);
			path = Resources;
			sourceTree = "<group>";
		};
		DD8D9E7325E1B39200394BC8 = {
			isa = PBXGroup;
			children = (
				DD8D9E7E25E1B39200394BC8 /* ShopingList */,
				DD8D9E7D25E1B39200394BC8 /* Products */,
			);
			sourceTree = "<group>";
		};
		DD8D9E7D25E1B39200394BC8 /* Products */ = {
			isa = PBXGroup;
			children = (
				DD8D9E7C25E1B39200394BC8 /* ShopingList.app */,
			);
			name = Products;
			sourceTree = "<group>";
		};
		DD8D9E7E25E1B39200394BC8 /* ShopingList */ = {
			isa = PBXGroup;
			children = (
				DD8D9E8D25E1B39300394BC8 /* Info.plist */,
				67796C1625E2A74E008AA311 /* Supporting Files */,
				67796C1425E2A734008AA311 /* ViewControllers */,
				67796C1225E291ED008AA311 /* Storyboards */,
				67796C1925E2A7F6008AA311 /* Resources */,
			);
			path = ShopingList;
			sourceTree = "<group>";
		};
/* End PBXGroup section */

/* Begin PBXNativeTarget section */
		DD8D9E7B25E1B39200394BC8 /* ShopingList */ = {
			isa = PBXNativeTarget;
			buildConfigurationList = DD8D9E9025E1B39300394BC8 /* Build configuration list for PBXNativeTarget "ShopingList" */;
			buildPhases = (
				DD8D9E7825E1B39200394BC8 /* Sources */,
				DD8D9E7925E1B39200394BC8 /* Frameworks */,
				DD8D9E7A25E1B39200394BC8 /* Resources */,
			);
			buildRules = (
			);
			dependencies = (
			);
			name = ShopingList;
			productName = ShopingList;
			productReference = DD8D9E7C25E1B39200394BC8 /* ShopingList.app */;
			productType = "com.apple.product-type.application";
		};
/* End PBXNativeTarget section */

/* Begin PBXProject section */
		DD8D9E7425E1B39200394BC8 /* Project object */ = {
			isa = PBXProject;
			attributes = {
				LastSwiftUpdateCheck = 1240;
				LastUpgradeCheck = 1240;
				TargetAttributes = {
					DD8D9E7B25E1B39200394BC8 = {
						CreatedOnToolsVersion = 12.4;
					};
				};
			};
			buildConfigurationList = DD8D9E7725E1B39200394BC8 /* Build configuration list for PBXProject "ShopingList" */;
			compatibilityVersion = "Xcode 9.3";
			developmentRegion = en;
			hasScannedForEncodings = 0;
			knownRegions = (
				en,
				Base,
			);
			mainGroup = DD8D9E7325E1B39200394BC8;
			productRefGroup = DD8D9E7D25E1B39200394BC8 /* Products */;
			projectDirPath = "";
			projectRoot = "";
			targets = (
				DD8D9E7B25E1B39200394BC8 /* ShopingList */,
			);
		};
/* End PBXProject section */

/* Begin PBXResourcesBuildPhase section */
		DD8D9E7A25E1B39200394BC8 /* Resources */ = {
			isa = PBXResourcesBuildPhase;
			buildActionMask = 2147483647;
			files = (
				DD8D9E8C25E1B39300394BC8 /* LaunchScreen.storyboard in Resources */,
				DD8D9E8925E1B39300394BC8 /* Assets.xcassets in Resources */,
				DD8D9E8725E1B39200394BC8 /* Main.storyboard in Resources */,
			);
			runOnlyForDeploymentPostprocessing = 0;
		};
/* End PBXResourcesBuildPhase section */

/* Begin PBXSourcesBuildPhase section */
		DD8D9E7825E1B39200394BC8 /* Sources */ = {
			isa = PBXSourcesBuildPhase;
			buildActionMask = 2147483647;
			files = (
				DD8D9E8025E1B39200394BC8 /* AppDelegate.swift in Sources */,
				DD8D9E8225E1B39200394BC8 /* SceneDelegate.swift in Sources */,
			);
			runOnlyForDeploymentPostprocessing = 0;
		};
/* End PBXSourcesBuildPhase section */

/* Begin PBXVariantGroup section */
		DD8D9E8525E1B39200394BC8 /* Main.storyboard */ = {
			isa = PBXVariantGroup;
			children = (
				DD8D9E8625E1B39200394BC8 /* Base */,
			);
			name = Main.storyboard;
			sourceTree = "<group>";
		};
		DD8D9E8A25E1B39300394BC8 /* LaunchScreen.storyboard */ = {
			isa = PBXVariantGroup;
			children = (
				DD8D9E8B25E1B39300394BC8 /* Base */,
			);
			name = LaunchScreen.storyboard;
			sourceTree = "<group>";
		};
/* End PBXVariantGroup section */

/* Begin XCBuildConfiguration section */
		DD8D9E8E25E1B39300394BC8 /* Debug */ = {
			isa = XCBuildConfiguration;
			buildSettings = {
				ALWAYS_SEARCH_USER_PATHS = NO;
				CLANG_ANALYZER_NONNULL = YES;
				CLANG_ANALYZER_NUMBER_OBJECT_CONVERSION = YES_AGGRESSIVE;
				CLANG_CXX_LANGUAGE_STANDARD = "gnu++14";
				CLANG_CXX_LIBRARY = "libc++";
				CLANG_ENABLE_MODULES = YES;
				CLANG_ENABLE_OBJC_ARC = YES;
				CLANG_ENABLE_OBJC_WEAK = YES;
				CLANG_WARN_BLOCK_CAPTURE_AUTORELEASING = YES;
				CLANG_WARN_BOOL_CONVERSION = YES;
				CLANG_WARN_COMMA = YES;
				CLANG_WARN_CONSTANT_CONVERSION = YES;
				CLANG_WARN_DEPRECATED_OBJC_IMPLEMENTATIONS = YES;
				CLANG_WARN_DIRECT_OBJC_ISA_USAGE = YES_ERROR;
				CLANG_WARN_DOCUMENTATION_COMMENTS = YES;
				CLANG_WARN_EMPTY_BODY = YES;
				CLANG_WARN_ENUM_CONVERSION = YES;
				CLANG_WARN_INFINITE_RECURSION = YES;
				CLANG_WARN_INT_CONVERSION = YES;
				CLANG_WARN_NON_LITERAL_NULL_CONVERSION = YES;
				CLANG_WARN_OBJC_IMPLICIT_RETAIN_SELF = YES;
				CLANG_WARN_OBJC_LITERAL_CONVERSION = YES;
				CLANG_WARN_OBJC_ROOT_CLASS = YES_ERROR;
				CLANG_WARN_QUOTED_INCLUDE_IN_FRAMEWORK_HEADER = YES;
				CLANG_WARN_RANGE_LOOP_ANALYSIS = YES;
				CLANG_WARN_STRICT_PROTOTYPES = YES;
				CLANG_WARN_SUSPICIOUS_MOVE = YES;
				CLANG_WARN_UNGUARDED_AVAILABILITY = YES_AGGRESSIVE;
				CLANG_WARN_UNREACHABLE_CODE = YES;
				CLANG_WARN__DUPLICATE_METHOD_MATCH = YES;
				COPY_PHASE_STRIP = NO;
				DEBUG_INFORMATION_FORMAT = dwarf;
				ENABLE_STRICT_OBJC_MSGSEND = YES;
				ENABLE_TESTABILITY = YES;
				GCC_C_LANGUAGE_STANDARD = gnu11;
				GCC_DYNAMIC_NO_PIC = NO;
				GCC_NO_COMMON_BLOCKS = YES;
				GCC_OPTIMIZATION_LEVEL = 0;
				GCC_PREPROCESSOR_DEFINITIONS = (
					"DEBUG=1",
					"$(inherited)",
				);
				GCC_WARN_64_TO_32_BIT_CONVERSION = YES;
				GCC_WARN_ABOUT_RETURN_TYPE = YES_ERROR;
				GCC_WARN_UNDECLARED_SELECTOR = YES;
				GCC_WARN_UNINITIALIZED_AUTOS = YES_AGGRESSIVE;
				GCC_WARN_UNUSED_FUNCTION = YES;
				GCC_WARN_UNUSED_VARIABLE = YES;
				IPHONEOS_DEPLOYMENT_TARGET = 14.4;
				MTL_ENABLE_DEBUG_INFO = INCLUDE_SOURCE;
				MTL_FAST_MATH = YES;
				ONLY_ACTIVE_ARCH = YES;
				SDKROOT = iphoneos;
				SWIFT_ACTIVE_COMPILATION_CONDITIONS = DEBUG;
				SWIFT_OPTIMIZATION_LEVEL = "-Onone";
			};
			name = Debug;
		};
		DD8D9E8F25E1B39300394BC8 /* Release */ = {
			isa = XCBuildConfiguration;
			buildSettings = {
				ALWAYS_SEARCH_USER_PATHS = NO;
				CLANG_ANALYZER_NONNULL = YES;
				CLANG_ANALYZER_NUMBER_OBJECT_CONVERSION = YES_AGGRESSIVE;
				CLANG_CXX_LANGUAGE_STANDARD = "gnu++14";
				CLANG_CXX_LIBRARY = "libc++";
				CLANG_ENABLE_MODULES = YES;
				CLANG_ENABLE_OBJC_ARC = YES;
				CLANG_ENABLE_OBJC_WEAK = YES;
				CLANG_WARN_BLOCK_CAPTURE_AUTORELEASING = YES;
				CLANG_WARN_BOOL_CONVERSION = YES;
				CLANG_WARN_COMMA = YES;
				CLANG_WARN_CONSTANT_CONVERSION = YES;
				CLANG_WARN_DEPRECATED_OBJC_IMPLEMENTATIONS = YES;
				CLANG_WARN_DIRECT_OBJC_ISA_USAGE = YES_ERROR;
				CLANG_WARN_DOCUMENTATION_COMMENTS = YES;
				CLANG_WARN_EMPTY_BODY = YES;
				CLANG_WARN_ENUM_CONVERSION = YES;
				CLANG_WARN_INFINITE_RECURSION = YES;
				CLANG_WARN_INT_CONVERSION = YES;
				CLANG_WARN_NON_LITERAL_NULL_CONVERSION = YES;
				CLANG_WARN_OBJC_IMPLICIT_RETAIN_SELF = YES;
				CLANG_WARN_OBJC_LITERAL_CONVERSION = YES;
				CLANG_WARN_OBJC_ROOT_CLASS = YES_ERROR;
				CLANG_WARN_QUOTED_INCLUDE_IN_FRAMEWORK_HEADER = YES;
				CLANG_WARN_RANGE_LOOP_ANALYSIS = YES;
				CLANG_WARN_STRICT_PROTOTYPES = YES;
				CLANG_WARN_SUSPICIOUS_MOVE = YES;
				CLANG_WARN_UNGUARDED_AVAILABILITY = YES_AGGRESSIVE;
				CLANG_WARN_UNREACHABLE_CODE = YES;
				CLANG_WARN__DUPLICATE_METHOD_MATCH = YES;
				COPY_PHASE_STRIP = NO;
				DEBUG_INFORMATION_FORMAT = "dwarf-with-dsym";
				ENABLE_NS_ASSERTIONS = NO;
				ENABLE_STRICT_OBJC_MSGSEND = YES;
				GCC_C_LANGUAGE_STANDARD = gnu11;
				GCC_NO_COMMON_BLOCKS = YES;
				GCC_WARN_64_TO_32_BIT_CONVERSION = YES;
				GCC_WARN_ABOUT_RETURN_TYPE = YES_ERROR;
				GCC_WARN_UNDECLARED_SELECTOR = YES;
				GCC_WARN_UNINITIALIZED_AUTOS = YES_AGGRESSIVE;
				GCC_WARN_UNUSED_FUNCTION = YES;
				GCC_WARN_UNUSED_VARIABLE = YES;
				IPHONEOS_DEPLOYMENT_TARGET = 14.4;
				MTL_ENABLE_DEBUG_INFO = NO;
				MTL_FAST_MATH = YES;
				SDKROOT = iphoneos;
				SWIFT_COMPILATION_MODE = wholemodule;
				SWIFT_OPTIMIZATION_LEVEL = "-O";
				VALIDATE_PRODUCT = YES;
			};
			name = Release;
		};
		DD8D9E9125E1B39300394BC8 /* Debug */ = {
			isa = XCBuildConfiguration;
			buildSettings = {
				ASSETCATALOG_COMPILER_APPICON_NAME = AppIcon;
				ASSETCATALOG_COMPILER_GLOBAL_ACCENT_COLOR_NAME = AccentColor;
				CODE_SIGN_STYLE = Automatic;
				DEVELOPMENT_TEAM = 8H4HCPNHCY;
				INFOPLIST_FILE = ShopingList/Info.plist;
				LD_RUNPATH_SEARCH_PATHS = (
					"$(inherited)",
					"@executable_path/Frameworks",
				);
				PRODUCT_BUNDLE_IDENTIFIER = vadim.ShopingList;
				PRODUCT_NAME = "$(TARGET_NAME)";
				SWIFT_VERSION = 5.0;
				TARGETED_DEVICE_FAMILY = "1,2";
			};
			name = Debug;
		};
		DD8D9E9225E1B39300394BC8 /* Release */ = {
			isa = XCBuildConfiguration;
			buildSettings = {
				ASSETCATALOG_COMPILER_APPICON_NAME = AppIcon;
				ASSETCATALOG_COMPILER_GLOBAL_ACCENT_COLOR_NAME = AccentColor;
				CODE_SIGN_STYLE = Automatic;
				DEVELOPMENT_TEAM = 8H4HCPNHCY;
				INFOPLIST_FILE = ShopingList/Info.plist;
				LD_RUNPATH_SEARCH_PATHS = (
					"$(inherited)",
					"@executable_path/Frameworks",
				);
				PRODUCT_BUNDLE_IDENTIFIER = vadim.ShopingList;
				PRODUCT_NAME = "$(TARGET_NAME)";
				SWIFT_VERSION = 5.0;
				TARGETED_DEVICE_FAMILY = "1,2";
			};
			name = Release;
		};
/* End XCBuildConfiguration section */

/* Begin XCConfigurationList section */
		DD8D9E7725E1B39200394BC8 /* Build configuration list for PBXProject "ShopingList" */ = {
			isa = XCConfigurationList;
			buildConfigurations = (
				DD8D9E8E25E1B39300394BC8 /* Debug */,
				DD8D9E8F25E1B39300394BC8 /* Release */,
			);
			defaultConfigurationIsVisible = 0;
			defaultConfigurationName = Release;
		};
		DD8D9E9025E1B39300394BC8 /* Build configuration list for PBXNativeTarget "ShopingList" */ = {
			isa = XCConfigurationList;
			buildConfigurations = (
				DD8D9E9125E1B39300394BC8 /* Debug */,
				DD8D9E9225E1B39300394BC8 /* Release */,
			);
			defaultConfigurationIsVisible = 0;
			defaultConfigurationName = Release;
		};
/* End XCConfigurationList section */
	};
	rootObject = DD8D9E7425E1B39200394BC8 /* Project object */;
}
